
Microsoft Visual Studio Solution File, Format Version 12.00
# Visual Studio Version 17
VisualStudioVersion = 17.0.31903.59
MinimumVisualStudioVersion = 10.0.40219.1
Project("{2150E333-8FDC-42A3-9474-1A3956D46DE8}") = "src", "src", "{827E0CD3-B72D-47B6-A68D-7590B98EB39B}"
EndProject
Project("{FAE04EC0-301F-11D3-BF4B-00C04F79EFBC}") = "Tracbel.Crm.Api", "src\Tracbel.Crm.Api\Tracbel.Crm.Api.csproj", "{F2B63584-211D-4F4E-9320-A9F8CC90FEB8}"
EndProject
Project("{FAE04EC0-301F-11D3-BF4B-00C04F79EFBC}") = "Tracbel.Crm.Aplicacao", "src\Tracbel.Crm.Aplicacao\Tracbel.Crm.Aplicacao.csproj", "{3369BD44-592A-4458-A69D-998B163A65D7}"
EndProject
Project("{FAE04EC0-301F-11D3-BF4B-00C04F79EFBC}") = "Tracbel.Crm.Dominio", "src\Tracbel.Crm.Dominio\Tracbel.Crm.Dominio.csproj", "{FB367115-50D0-42C7-9DA9-8FCC115F92EC}"
EndProject
Project("{FAE04EC0-301F-11D3-BF4B-00C04F79EFBC}") = "Tracbel.Crm.Infraestrutura", "src\Tracbel.Crm.Infraestrutura\Tracbel.Crm.Infraestrutura.csproj", "{E37D280F-4BF9-46E7-8C86-F4A3FDB3FC3C}"
EndProject
Project("{FAE04EC0-301F-11D3-BF4B-00C04F79EFBC}") = "Tracbel.Crm.Integracao", "src\Tracbel.Crm.Integracao\Tracbel.Crm.Integracao.csproj", "{89318D2A-B118-4E9B-B89A-220DB5A7457C}"
EndProject
Project("{FAE04EC0-301F-11D3-BF4B-00C04F79EFBC}") = "Tracbel.Crm.Aplicacao.Testes", "tests\Tracbel.Crm.Aplicacao.Testes\Tracbel.Crm.Aplicacao.Testes.csproj", "{48FB2173-0A3F-4BDA-AEC9-579D3FF136DF}"
EndProject
Project("{FAE04EC0-301F-11D3-BF4B-00C04F79EFBC}") = "Tracbel.Crm.Arquitetura.Testes", "tests\Tracbel.Crm.Arquitetura.Testes\Tracbel.Crm.Arquitetura.Testes.csproj", "{42D30644-7B13-4A97-9F33-F6683A8F8693}"
EndProject
Project("{FAE04EC0-301F-11D3-BF4B-00C04F79EFBC}") = "Tracbel.Crm.Dominio.Testes", "tests\Tracbel.Crm.Dominio.Testes\Tracbel.Crm.Dominio.Testes.csproj", "{44E43394-C400-440E-8F13-298A348D6015}"
EndProject
Project("{2150E333-8FDC-42A3-9474-1A3956D46DE8}") = "tests", "tests", "{0AB3BF05-4346-4AA6-1389-037BE0695223}"
EndProject
Project("{FAE04EC0-301F-11D3-BF4B-00C04F79EFBC}") = "Tracbel.Crm.Integracao.Testes", "tests\Tracbel.Crm.Integracao.Testes\Tracbel.Crm.Integracao.Testes.csproj", "{C5F1E3FB-A051-4CCE-9896-FD4CCD8A041F}"
EndProject
Project("{FAE04EC0-301F-11D3-BF4B-00C04F79EFBC}") = "Tracbel.Crm.Api.Testes", "tests\Tracbel.Crm.Api.Testes\Tracbel.Crm.Api.Testes.csproj", "{894CD9D4-88FB-4429-8B9D-043B2DDE91A6}"
EndProject
Project("{FAE04EC0-301F-11D3-BF4B-00C04F79EFBC}") = "Tracbel.Crm.Carga", "src\Tracbel.Crm.Carga\Tracbel.Crm.Carga.csproj", "{1DD687FA-46BC-4C65-90D3-BAE81518DCBC}"
EndProject
Global
	GlobalSection(SolutionConfigurationPlatforms) = preSolution
		Debug|Any CPU = Debug|Any CPU
		Debug|x64 = Debug|x64
		Debug|x86 = Debug|x86
		Release|Any CPU = Release|Any CPU
		Release|x64 = Release|x64
		Release|x86 = Release|x86
	EndGlobalSection
	GlobalSection(ProjectConfigurationPlatforms) = postSolution
		{F2B63584-211D-4F4E-9320-A9F8CC90FEB8}.Debug|Any CPU.ActiveCfg = Debug|Any CPU
		{F2B63584-211D-4F4E-9320-A9F8CC90FEB8}.Debug|Any CPU.Build.0 = Debug|Any CPU
		{F2B63584-211D-4F4E-9320-A9F8CC90FEB8}.Debug|x64.ActiveCfg = Debug|Any CPU
		{F2B63584-211D-4F4E-9320-A9F8CC90FEB8}.Debug|x64.Build.0 = Debug|Any CPU
		{F2B63584-211D-4F4E-9320-A9F8CC90FEB8}.Debug|x86.ActiveCfg = Debug|Any CPU
		{F2B63584-211D-4F4E-9320-A9F8CC90FEB8}.Debug|x86.Build.0 = Debug|Any CPU
		{F2B63584-211D-4F4E-9320-A9F8CC90FEB8}.Release|Any CPU.ActiveCfg = Release|Any CPU
		{F2B63584-211D-4F4E-9320-A9F8CC90FEB8}.Release|Any CPU.Build.0 = Release|Any CPU
		{F2B63584-211D-4F4E-9320-A9F8CC90FEB8}.Release|x64.ActiveCfg = Release|Any CPU
		{F2B63584-211D-4F4E-9320-A9F8CC90FEB8}.Release|x64.Build.0 = Release|Any CPU
		{F2B63584-211D-4F4E-9320-A9F8CC90FEB8}.Release|x86.ActiveCfg = Release|Any CPU
		{F2B63584-211D-4F4E-9320-A9F8CC90FEB8}.Release|x86.Build.0 = Release|Any CPU
		{3369BD44-592A-4458-A69D-998B163A65D7}.Debug|Any CPU.ActiveCfg = Debug|Any CPU
		{3369BD44-592A-4458-A69D-998B163A65D7}.Debug|Any CPU.Build.0 = Debug|Any CPU
		{3369BD44-592A-4458-A69D-998B163A65D7}.Debug|x64.ActiveCfg = Debug|Any CPU
		{3369BD44-592A-4458-A69D-998B163A65D7}.Debug|x64.Build.0 = Debug|Any CPU
		{3369BD44-592A-4458-A69D-998B163A65D7}.Debug|x86.ActiveCfg = Debug|Any CPU
		{3369BD44-592A-4458-A69D-998B163A65D7}.Debug|x86.Build.0 = Debug|Any CPU
		{3369BD44-592A-4458-A69D-998B163A65D7}.Release|Any CPU.ActiveCfg = Release|Any CPU
		{3369BD44-592A-4458-A69D-998B163A65D7}.Release|Any CPU.Build.0 = Release|Any CPU
		{3369BD44-592A-4458-A69D-998B163A65D7}.Release|x64.ActiveCfg = Release|Any CPU
		{3369BD44-592A-4458-A69D-998B163A65D7}.Release|x64.Build.0 = Release|Any CPU
		{3369BD44-592A-4458-A69D-998B163A65D7}.Release|x86.ActiveCfg = Release|Any CPU
		{3369BD44-592A-4458-A69D-998B163A65D7}.Release|x86.Build.0 = Release|Any CPU
		{FB367115-50D0-42C7-9DA9-8FCC115F92EC}.Debug|Any CPU.ActiveCfg = Debug|Any CPU
		{FB367115-50D0-42C7-9DA9-8FCC115F92EC}.Debug|Any CPU.Build.0 = Debug|Any CPU
		{FB367115-50D0-42C7-9DA9-8FCC115F92EC}.Debug|x64.ActiveCfg = Debug|Any CPU
		{FB367115-50D0-42C7-9DA9-8FCC115F92EC}.Debug|x64.Build.0 = Debug|Any CPU
		{FB367115-50D0-42C7-9DA9-8FCC115F92EC}.Debug|x86.ActiveCfg = Debug|Any CPU
		{FB367115-50D0-42C7-9DA9-8FCC115F92EC}.Debug|x86.Build.0 = Debug|Any CPU
		{FB367115-50D0-42C7-9DA9-8FCC115F92EC}.Release|Any CPU.ActiveCfg = Release|Any CPU
		{FB367115-50D0-42C7-9DA9-8FCC115F92EC}.Release|Any CPU.Build.0 = Release|Any CPU
		{FB367115-50D0-42C7-9DA9-8FCC115F92EC}.Release|x64.ActiveCfg = Release|Any CPU
		{FB367115-50D0-42C7-9DA9-8FCC115F92EC}.Release|x64.Build.0 = Release|Any CPU
		{FB367115-50D0-42C7-9DA9-8FCC115F92EC}.Release|x86.ActiveCfg = Release|Any CPU
		{FB367115-50D0-42C7-9DA9-8FCC115F92EC}.Release|x86.Build.0 = Release|Any CPU
		{E37D280F-4BF9-46E7-8C86-F4A3FDB3FC3C}.Debug|Any CPU.ActiveCfg = Debug|Any CPU
		{E37D280F-4BF9-46E7-8C86-F4A3FDB3FC3C}.Debug|Any CPU.Build.0 = Debug|Any CPU
		{E37D280F-4BF9-46E7-8C86-F4A3FDB3FC3C}.Debug|x64.ActiveCfg = Debug|Any CPU
		{E37D280F-4BF9-46E7-8C86-F4A3FDB3FC3C}.Debug|x64.Build.0 = Debug|Any CPU
		{E37D280F-4BF9-46E7-8C86-F4A3FDB3FC3C}.Debug|x86.ActiveCfg = Debug|Any CPU
		{E37D280F-4BF9-46E7-8C86-F4A3FDB3FC3C}.Debug|x86.Build.0 = Debug|Any CPU
		{E37D280F-4BF9-46E7-8C86-F4A3FDB3FC3C}.Release|Any CPU.ActiveCfg = Release|Any CPU
		{E37D280F-4BF9-46E7-8C86-F4A3FDB3FC3C}.Release|Any CPU.Build.0 = Release|Any CPU
		{E37D280F-4BF9-46E7-8C86-F4A3FDB3FC3C}.Release|x64.ActiveCfg = Release|Any CPU
		{E37D280F-4BF9-46E7-8C86-F4A3FDB3FC3C}.Release|x64.Build.0 = Release|Any CPU
		{E37D280F-4BF9-46E7-8C86-F4A3FDB3FC3C}.Release|x86.ActiveCfg = Release|Any CPU
		{E37D280F-4BF9-46E7-8C86-F4A3FDB3FC3C}.Release|x86.Build.0 = Release|Any CPU
		{89318D2A-B118-4E9B-B89A-220DB5A7457C}.Debug|Any CPU.ActiveCfg = Debug|Any CPU
		{89318D2A-B118-4E9B-B89A-220DB5A7457C}.Debug|Any CPU.Build.0 = Debug|Any CPU
		{89318D2A-B118-4E9B-B89A-220DB5A7457C}.Debug|x64.ActiveCfg = Debug|Any CPU
		{89318D2A-B118-4E9B-B89A-220DB5A7457C}.Debug|x64.Build.0 = Debug|Any CPU
		{89318D2A-B118-4E9B-B89A-220DB5A7457C}.Debug|x86.ActiveCfg = Debug|Any CPU
		{89318D2A-B118-4E9B-B89A-220DB5A7457C}.Debug|x86.Build.0 = Debug|Any CPU
		{89318D2A-B118-4E9B-B89A-220DB5A7457C}.Release|Any CPU.ActiveCfg = Release|Any CPU
		{89318D2A-B118-4E9B-B89A-220DB5A7457C}.Release|Any CPU.Build.0 = Release|Any CPU
		{89318D2A-B118-4E9B-B89A-220DB5A7457C}.Release|x64.ActiveCfg = Release|Any CPU
		{89318D2A-B118-4E9B-B89A-220DB5A7457C}.Release|x64.Build.0 = Release|Any CPU
		{89318D2A-B118-4E9B-B89A-220DB5A7457C}.Release|x86.ActiveCfg = Release|Any CPU
		{89318D2A-B118-4E9B-B89A-220DB5A7457C}.Release|x86.Build.0 = Release|Any CPU
		{48FB2173-0A3F-4BDA-AEC9-579D3FF136DF}.Debug|Any CPU.ActiveCfg = Debug|Any CPU
		{48FB2173-0A3F-4BDA-AEC9-579D3FF136DF}.Debug|Any CPU.Build.0 = Debug|Any CPU
		{48FB2173-0A3F-4BDA-AEC9-579D3FF136DF}.Debug|x64.ActiveCfg = Debug|Any CPU
		{48FB2173-0A3F-4BDA-AEC9-579D3FF136DF}.Debug|x64.Build.0 = Debug|Any CPU
		{48FB2173-0A3F-4BDA-AEC9-579D3FF136DF}.Debug|x86.ActiveCfg = Debug|Any CPU
		{48FB2173-0A3F-4BDA-AEC9-579D3FF136DF}.Debug|x86.Build.0 = Debug|Any CPU
		{48FB2173-0A3F-4BDA-AEC9-579D3FF136DF}.Release|Any CPU.ActiveCfg = Release|Any CPU
		{48FB2173-0A3F-4BDA-AEC9-579D3FF136DF}.Release|Any CPU.Build.0 = Release|Any CPU
		{48FB2173-0A3F-4BDA-AEC9-579D3FF136DF}.Release|x64.ActiveCfg = Release|Any CPU
		{48FB2173-0A3F-4BDA-AEC9-579D3FF136DF}.Release|x64.Build.0 = Release|Any CPU
		{48FB2173-0A3F-4BDA-AEC9-579D3FF136DF}.Release|x86.ActiveCfg = Release|Any CPU
		{48FB2173-0A3F-4BDA-AEC9-579D3FF136DF}.Release|x86.Build.0 = Release|Any CPU
		{42D30644-7B13-4A97-9F33-F6683A8F8693}.Debug|Any CPU.ActiveCfg = Debug|Any CPU
		{42D30644-7B13-4A97-9F33-F6683A8F8693}.Debug|Any CPU.Build.0 = Debug|Any CPU
		{42D30644-7B13-4A97-9F33-F6683A8F8693}.Debug|x64.ActiveCfg = Debug|Any CPU
		{42D30644-7B13-4A97-9F33-F6683A8F8693}.Debug|x64.Build.0 = Debug|Any CPU
		{42D30644-7B13-4A97-9F33-F6683A8F8693}.Debug|x86.ActiveCfg = Debug|Any CPU
		{42D30644-7B13-4A97-9F33-F6683A8F8693}.Debug|x86.Build.0 = Debug|Any CPU
		{42D30644-7B13-4A97-9F33-F6683A8F8693}.Release|Any CPU.ActiveCfg = Release|Any CPU
		{42D30644-7B13-4A97-9F33-F6683A8F8693}.Release|Any CPU.Build.0 = Release|Any CPU
		{42D30644-7B13-4A97-9F33-F6683A8F8693}.Release|x64.ActiveCfg = Release|Any CPU
		{42D30644-7B13-4A97-9F33-F6683A8F8693}.Release|x64.Build.0 = Release|Any CPU
		{42D30644-7B13-4A97-9F33-F6683A8F8693}.Release|x86.ActiveCfg = Release|Any CPU
		{42D30644-7B13-4A97-9F33-F6683A8F8693}.Release|x86.Build.0 = Release|Any CPU
		{44E43394-C400-440E-8F13-298A348D6015}.Debug|Any CPU.ActiveCfg = Debug|Any CPU
		{44E43394-C400-440E-8F13-298A348D6015}.Debug|Any CPU.Build.0 = Debug|Any CPU
		{44E43394-C400-440E-8F13-298A348D6015}.Debug|x64.ActiveCfg = Debug|Any CPU
		{44E43394-C400-440E-8F13-298A348D6015}.Debug|x64.Build.0 = Debug|Any CPU
		{44E43394-C400-440E-8F13-298A348D6015}.Debug|x86.ActiveCfg = Debug|Any CPU
		{44E43394-C400-440E-8F13-298A348D6015}.Debug|x86.Build.0 = Debug|Any CPU
		{44E43394-C400-440E-8F13-298A348D6015}.Release|Any CPU.ActiveCfg = Release|Any CPU
		{44E43394-C400-440E-8F13-298A348D6015}.Release|Any CPU.Build.0 = Release|Any CPU
		{44E43394-C400-440E-8F13-298A348D6015}.Release|x64.ActiveCfg = Release|Any CPU
		{44E43394-C400-440E-8F13-298A348D6015}.Release|x64.Build.0 = Release|Any CPU
		{44E43394-C400-440E-8F13-298A348D6015}.Release|x86.ActiveCfg = Release|Any CPU
		{44E43394-C400-440E-8F13-298A348D6015}.Release|x86.Build.0 = Release|Any CPU
		{C5F1E3FB-A051-4CCE-9896-FD4CCD8A041F}.Debug|Any CPU.ActiveCfg = Debug|Any CPU
		{C5F1E3FB-A051-4CCE-9896-FD4CCD8A041F}.Debug|Any CPU.Build.0 = Debug|Any CPU
		{C5F1E3FB-A051-4CCE-9896-FD4CCD8A041F}.Debug|x64.ActiveCfg = Debug|Any CPU
		{C5F1E3FB-A051-4CCE-9896-FD4CCD8A041F}.Debug|x64.Build.0 = Debug|Any CPU
		{C5F1E3FB-A051-4CCE-9896-FD4CCD8A041F}.Debug|x86.ActiveCfg = Debug|Any CPU
		{C5F1E3FB-A051-4CCE-9896-FD4CCD8A041F}.Debug|x86.Build.0 = Debug|Any CPU
		{C5F1E3FB-A051-4CCE-9896-FD4CCD8A041F}.Release|Any CPU.ActiveCfg = Release|Any CPU
		{C5F1E3FB-A051-4CCE-9896-FD4CCD8A041F}.Release|Any CPU.Build.0 = Release|Any CPU
		{C5F1E3FB-A051-4CCE-9896-FD4CCD8A041F}.Release|x64.ActiveCfg = Release|Any CPU
		{C5F1E3FB-A051-4CCE-9896-FD4CCD8A041F}.Release|x64.Build.0 = Release|Any CPU
		{C5F1E3FB-A051-4CCE-9896-FD4CCD8A041F}.Release|x86.ActiveCfg = Release|Any CPU
		{C5F1E3FB-A051-4CCE-9896-FD4CCD8A041F}.Release|x86.Build.0 = Release|Any CPU
		{894CD9D4-88FB-4429-8B9D-043B2DDE91A6}.Debug|Any CPU.ActiveCfg = Debug|Any CPU
		{894CD9D4-88FB-4429-8B9D-043B2DDE91A6}.Debug|Any CPU.Build.0 = Debug|Any CPU
		{894CD9D4-88FB-4429-8B9D-043B2DDE91A6}.Debug|x64.ActiveCfg = Debug|Any CPU
		{894CD9D4-88FB-4429-8B9D-043B2DDE91A6}.Debug|x64.Build.0 = Debug|Any CPU
		{894CD9D4-88FB-4429-8B9D-043B2DDE91A6}.Debug|x86.ActiveCfg = Debug|Any CPU
		{894CD9D4-88FB-4429-8B9D-043B2DDE91A6}.Debug|x86.Build.0 = Debug|Any CPU
		{894CD9D4-88FB-4429-8B9D-043B2DDE91A6}.Release|Any CPU.ActiveCfg = Release|Any CPU
		{894CD9D4-88FB-4429-8B9D-043B2DDE91A6}.Release|Any CPU.Build.0 = Release|Any CPU
		{894CD9D4-88FB-4429-8B9D-043B2DDE91A6}.Release|x64.ActiveCfg = Release|Any CPU
		{894CD9D4-88FB-4429-8B9D-043B2DDE91A6}.Release|x64.Build.0 = Release|Any CPU
		{894CD9D4-88FB-4429-8B9D-043B2DDE91A6}.Release|x86.ActiveCfg = Release|Any CPU
		{894CD9D4-88FB-4429-8B9D-043B2DDE91A6}.Release|x86.Build.0 = Release|Any CPU
		{1DD687FA-46BC-4C65-90D3-BAE81518DCBC}.Debug|Any CPU.ActiveCfg = Debug|Any CPU
		{1DD687FA-46BC-4C65-90D3-BAE81518DCBC}.Debug|Any CPU.Build.0 = Debug|Any CPU
		{1DD687FA-46BC-4C65-90D3-BAE81518DCBC}.Debug|x64.ActiveCfg = Debug|Any CPU
		{1DD687FA-46BC-4C65-90D3-BAE81518DCBC}.Debug|x64.Build.0 = Debug|Any CPU
		{1DD687FA-46BC-4C65-90D3-BAE81518DCBC}.Debug|x86.ActiveCfg = Debug|Any CPU
		{1DD687FA-46BC-4C65-90D3-BAE81518DCBC}.Debug|x86.Build.0 = Debug|Any CPU
		{1DD687FA-46BC-4C65-90D3-BAE81518DCBC}.Release|Any CPU.ActiveCfg = Release|Any CPU
		{1DD687FA-46BC-4C65-90D3-BAE81518DCBC}.Release|Any CPU.Build.0 = Release|Any CPU
		{1DD687FA-46BC-4C65-90D3-BAE81518DCBC}.Release|x64.ActiveCfg = Release|Any CPU
		{1DD687FA-46BC-4C65-90D3-BAE81518DCBC}.Release|x64.Build.0 = Release|Any CPU
		{1DD687FA-46BC-4C65-90D3-BAE81518DCBC}.Release|x86.ActiveCfg = Release|Any CPU
		{1DD687FA-46BC-4C65-90D3-BAE81518DCBC}.Release|x86.Build.0 = Release|Any CPU
	EndGlobalSection
	GlobalSection(SolutionProperties) = preSolution
		HideSolutionNode = FALSE
	EndGlobalSection
	GlobalSection(NestedProjects) = preSolution
		{F2B63584-211D-4F4E-9320-A9F8CC90FEB8} = {827E0CD3-B72D-47B6-A68D-7590B98EB39B}
		{3369BD44-592A-4458-A69D-998B163A65D7} = {827E0CD3-B72D-47B6-A68D-7590B98EB39B}
		{FB367115-50D0-42C7-9DA9-8FCC115F92EC} = {827E0CD3-B72D-47B6-A68D-7590B98EB39B}
		{E37D280F-4BF9-46E7-8C86-F4A3FDB3FC3C} = {827E0CD3-B72D-47B6-A68D-7590B98EB39B}
		{89318D2A-B118-4E9B-B89A-220DB5A7457C} = {827E0CD3-B72D-47B6-A68D-7590B98EB39B}
		{48FB2173-0A3F-4BDA-AEC9-579D3FF136DF} = {827E0CD3-B72D-47B6-A68D-7590B98EB39B}
		{42D30644-7B13-4A97-9F33-F6683A8F8693} = {827E0CD3-B72D-47B6-A68D-7590B98EB39B}
		{44E43394-C400-440E-8F13-298A348D6015} = {827E0CD3-B72D-47B6-A68D-7590B98EB39B}
		{C5F1E3FB-A051-4CCE-9896-FD4CCD8A041F} = {0AB3BF05-4346-4AA6-1389-037BE0695223}
		{894CD9D4-88FB-4429-8B9D-043B2DDE91A6} = {0AB3BF05-4346-4AA6-1389-037BE0695223}
		{1DD687FA-46BC-4C65-90D3-BAE81518DCBC} = {827E0CD3-B72D-47B6-A68D-7590B98EB39B}
	EndGlobalSection
EndGlobal
